
Microsoft Visual Studio Solution File, Format Version 12.00
# Visual Studio Version 16
VisualStudioVersion = 16.0.30804.86
MinimumVisualStudioVersion = 10.0.40219.1
Project("{FAE04EC0-301F-11D3-BF4B-00C04F79EFBC}") = "Repository", "Repository\Repository.csproj", "{EA525C14-DFAB-4636-9125-96910050FEC7}"
EndProject
Project("{FAE04EC0-301F-11D3-BF4B-00C04F79EFBC}") = "DALSageBookDB", "DALSageBookDB\DALSageBookDB.csproj", "{6D5716F4-29EE-453C-AF88-C3BD4369ECC1}"
EndProject
Project("{FAE04EC0-301F-11D3-BF4B-00C04F79EFBC}") = "SageBookView", "SageBookView\SageBookView.csproj", "{95CB271B-C618-469C-A51A-EED0D9FB803A}"
EndProject
Project("{FAE04EC0-301F-11D3-BF4B-00C04F79EFBC}") = "SageBookWinForms", "SageBookWinForms\SageBookWinForms.csproj", "{11A94541-4F1D-4F9E-B510-066E2D26FB1A}"
EndProject
Global
	GlobalSection(SolutionConfigurationPlatforms) = preSolution
		Debug|Any CPU = Debug|Any CPU
		Release|Any CPU = Release|Any CPU
	EndGlobalSection
	GlobalSection(ProjectConfigurationPlatforms) = postSolution
		{EA525C14-DFAB-4636-9125-96910050FEC7}.Debug|Any CPU.ActiveCfg = Debug|Any CPU
		{EA525C14-DFAB-4636-9125-96910050FEC7}.Debug|Any CPU.Build.0 = Debug|Any CPU
		{EA525C14-DFAB-4636-9125-96910050FEC7}.Release|Any CPU.ActiveCfg = Release|Any CPU
		{EA525C14-DFAB-4636-9125-96910050FEC7}.Release|Any CPU.Build.0 = Release|Any CPU
		{6D5716F4-29EE-453C-AF88-C3BD4369ECC1}.Debug|Any CPU.ActiveCfg = Debug|Any CPU
		{6D5716F4-29EE-453C-AF88-C3BD4369ECC1}.Debug|Any CPU.Build.0 = Debug|Any CPU
		{6D5716F4-29EE-453C-AF88-C3BD4369ECC1}.Release|Any CPU.ActiveCfg = Release|Any CPU
		{6D5716F4-29EE-453C-AF88-C3BD4369ECC1}.Release|Any CPU.Build.0 = Release|Any CPU
		{95CB271B-C618-469C-A51A-EED0D9FB803A}.Debug|Any CPU.ActiveCfg = Debug|Any CPU
		{95CB271B-C618-469C-A51A-EED0D9FB803A}.Debug|Any CPU.Build.0 = Debug|Any CPU
		{95CB271B-C618-469C-A51A-EED0D9FB803A}.Release|Any CPU.ActiveCfg = Release|Any CPU
		{95CB271B-C618-469C-A51A-EED0D9FB803A}.Release|Any CPU.Build.0 = Release|Any CPU
		{11A94541-4F1D-4F9E-B510-066E2D26FB1A}.Debug|Any CPU.ActiveCfg = Debug|Any CPU
		{11A94541-4F1D-4F9E-B510-066E2D26FB1A}.Debug|Any CPU.Build.0 = Debug|Any CPU
		{11A94541-4F1D-4F9E-B510-066E2D26FB1A}.Release|Any CPU.ActiveCfg = Release|Any CPU
		{11A94541-4F1D-4F9E-B510-066E2D26FB1A}.Release|Any CPU.Build.0 = Release|Any CPU
	EndGlobalSection
	GlobalSection(SolutionProperties) = preSolution
		HideSolutionNode = FALSE
	EndGlobalSection
	GlobalSection(ExtensibilityGlobals) = postSolution
		SolutionGuid = {2D76FE53-F76D-4EE0-BF76-38FB009C9593}
	EndGlobalSection
EndGlobal
